lockfileVersion: '6.0'

settings:
  autoInstallPeers: true
  excludeLinksFromLockfile: false

dependencies:
  '@benstack/logger':
    specifier: ^0.1.0
    version: 0.1.0
  '@tailwindcss/vite':
    specifier: 4.0.0-alpha.17
    version: 4.0.0-alpha.17(vite@5.3.3)
  gray-matter:
    specifier: ^4.0.3
    version: 4.0.3
  itty-router:
    specifier: ^5.0.17
    version: 5.0.17
  marked:
    specifier: ^13.0.2
    version: 13.0.2
  ogl:
    specifier: ^1.0.7
    version: 1.0.7
  tailwindcss:
    specifier: 4.0.0-alpha.17
    version: 4.0.0-alpha.17
  valibot:
    specifier: ^0.36.0
    version: 0.36.0
  vonojs:
    specifier: ^0.0.24
    version: 0.0.24(vite@5.3.3)

devDependencies:
  typescript:
    specifier: ^5.0.0
    version: 5.5.3
  vite:
    specifier: ^5.0.3
    version: 5.3.3

packages:

  /@benstack/logger@0.1.0:
    resolution: {integrity: sha512-LH1M7ROQDJ2tMpjfnpzj4tifPF1YrWBEAc0q/z32Rgg19tC6dBF31/b0Q2eh2PPUwArdTneSY4dSdqpzTJDnFA==}
    dev: false

  /@esbuild/aix-ppc64@0.21.5:
    resolution: {integrity: sha512-1SDgH6ZSPTlggy1yI6+Dbkiz8xzpHJEVAlF/AM1tHPLsf5STom9rwtjE4hKAF20FfXXNTFqEYXyJNWh1GiZedQ==}
    engines: {node: '>=12'}
    cpu: [ppc64]
    os: [aix]
    requiresBuild: true
    optional: true

  /@esbuild/android-arm64@0.21.5:
    resolution: {integrity: sha512-c0uX9VAUBQ7dTDCjq+wdyGLowMdtR/GoC2U5IYk/7D1H1JYC0qseD7+11iMP2mRLN9RcCMRcjC4YMclCzGwS/A==}
    engines: {node: '>=12'}
    cpu: [arm64]
    os: [android]
    requiresBuild: true
    optional: true

  /@esbuild/android-arm@0.21.5:
    resolution: {integrity: sha512-vCPvzSjpPHEi1siZdlvAlsPxXl7WbOVUBBAowWug4rJHb68Ox8KualB+1ocNvT5fjv6wpkX6o/iEpbDrf68zcg==}
    engines: {node: '>=12'}
    cpu: [arm]
    os: [android]
    requiresBuild: true
    optional: true

  /@esbuild/android-x64@0.21.5:
    resolution: {integrity: sha512-D7aPRUUNHRBwHxzxRvp856rjUHRFW1SdQATKXH2hqA0kAZb1hKmi02OpYRacl0TxIGz/ZmXWlbZgjwWYaCakTA==}
    engines: {node: '>=12'}
    cpu: [x64]
    os: [android]
    requiresBuild: true
    optional: true

  /@esbuild/darwin-arm64@0.21.5:
    resolution: {integrity: sha512-DwqXqZyuk5AiWWf3UfLiRDJ5EDd49zg6O9wclZ7kUMv2WRFr4HKjXp/5t8JZ11QbQfUS6/cRCKGwYhtNAY88kQ==}
    engines: {node: '>=12'}
    cpu: [arm64]
    os: [darwin]
    requiresBuild: true
    optional: true

  /@esbuild/darwin-x64@0.21.5:
    resolution: {integrity: sha512-se/JjF8NlmKVG4kNIuyWMV/22ZaerB+qaSi5MdrXtd6R08kvs2qCN4C09miupktDitvh8jRFflwGFBQcxZRjbw==}
    engines: {node: '>=12'}
    cpu: [x64]
    os: [darwin]
    requiresBuild: true
    optional: true

  /@esbuild/freebsd-arm64@0.21.5:
    resolution: {integrity: sha512-5JcRxxRDUJLX8JXp/wcBCy3pENnCgBR9bN6JsY4OmhfUtIHe3ZW0mawA7+RDAcMLrMIZaf03NlQiX9DGyB8h4g==}
    engines: {node: '>=12'}
    cpu: [arm64]
    os: [freebsd]
    requiresBuild: true
    optional: true

  /@esbuild/freebsd-x64@0.21.5:
    resolution: {integrity: sha512-J95kNBj1zkbMXtHVH29bBriQygMXqoVQOQYA+ISs0/2l3T9/kj42ow2mpqerRBxDJnmkUDCaQT/dfNXWX/ZZCQ==}
    engines: {node: '>=12'}
    cpu: [x64]
    os: [freebsd]
    requiresBuild: true
    optional: true

  /@esbuild/linux-arm64@0.21.5:
    resolution: {integrity: sha512-ibKvmyYzKsBeX8d8I7MH/TMfWDXBF3db4qM6sy+7re0YXya+K1cem3on9XgdT2EQGMu4hQyZhan7TeQ8XkGp4Q==}
    engines: {node: '>=12'}
    cpu: [arm64]
    os: [linux]
    requiresBuild: true
    optional: true

  /@esbuild/linux-arm@0.21.5:
    resolution: {integrity: sha512-bPb5AHZtbeNGjCKVZ9UGqGwo8EUu4cLq68E95A53KlxAPRmUyYv2D6F0uUI65XisGOL1hBP5mTronbgo+0bFcA==}
    engines: {node: '>=12'}
    cpu: [arm]
    os: [linux]
    requiresBuild: true
    optional: true

  /@esbuild/linux-ia32@0.21.5:
    resolution: {integrity: sha512-YvjXDqLRqPDl2dvRODYmmhz4rPeVKYvppfGYKSNGdyZkA01046pLWyRKKI3ax8fbJoK5QbxblURkwK/MWY18Tg==}
    engines: {node: '>=12'}
    cpu: [ia32]
    os: [linux]
    requiresBuild: true
    optional: true

  /@esbuild/linux-loong64@0.21.5:
    resolution: {integrity: sha512-uHf1BmMG8qEvzdrzAqg2SIG/02+4/DHB6a9Kbya0XDvwDEKCoC8ZRWI5JJvNdUjtciBGFQ5PuBlpEOXQj+JQSg==}
    engines: {node: '>=12'}
    cpu: [loong64]
    os: [linux]
    requiresBuild: true
    optional: true

  /@esbuild/linux-mips64el@0.21.5:
    resolution: {integrity: sha512-IajOmO+KJK23bj52dFSNCMsz1QP1DqM6cwLUv3W1QwyxkyIWecfafnI555fvSGqEKwjMXVLokcV5ygHW5b3Jbg==}
    engines: {node: '>=12'}
    cpu: [mips64el]
    os: [linux]
    requiresBuild: true
    optional: true

  /@esbuild/linux-ppc64@0.21.5:
    resolution: {integrity: sha512-1hHV/Z4OEfMwpLO8rp7CvlhBDnjsC3CttJXIhBi+5Aj5r+MBvy4egg7wCbe//hSsT+RvDAG7s81tAvpL2XAE4w==}
    engines: {node: '>=12'}
    cpu: [ppc64]
    os: [linux]
    requiresBuild: true
    optional: true

  /@esbuild/linux-riscv64@0.21.5:
    resolution: {integrity: sha512-2HdXDMd9GMgTGrPWnJzP2ALSokE/0O5HhTUvWIbD3YdjME8JwvSCnNGBnTThKGEB91OZhzrJ4qIIxk/SBmyDDA==}
    engines: {node: '>=12'}
    cpu: [riscv64]
    os: [linux]
    requiresBuild: true
    optional: true

  /@esbuild/linux-s390x@0.21.5:
    resolution: {integrity: sha512-zus5sxzqBJD3eXxwvjN1yQkRepANgxE9lgOW2qLnmr8ikMTphkjgXu1HR01K4FJg8h1kEEDAqDcZQtbrRnB41A==}
    engines: {node: '>=12'}
    cpu: [s390x]
    os: [linux]
    requiresBuild: true
    optional: true

  /@esbuild/linux-x64@0.21.5:
    resolution: {integrity: sha512-1rYdTpyv03iycF1+BhzrzQJCdOuAOtaqHTWJZCWvijKD2N5Xu0TtVC8/+1faWqcP9iBCWOmjmhoH94dH82BxPQ==}
    engines: {node: '>=12'}
    cpu: [x64]
    os: [linux]
    requiresBuild: true
    optional: true

  /@esbuild/netbsd-x64@0.21.5:
    resolution: {integrity: sha512-Woi2MXzXjMULccIwMnLciyZH4nCIMpWQAs049KEeMvOcNADVxo0UBIQPfSmxB3CWKedngg7sWZdLvLczpe0tLg==}
    engines: {node: '>=12'}
    cpu: [x64]
    os: [netbsd]
    requiresBuild: true
    optional: true

  /@esbuild/openbsd-x64@0.21.5:
    resolution: {integrity: sha512-HLNNw99xsvx12lFBUwoT8EVCsSvRNDVxNpjZ7bPn947b8gJPzeHWyNVhFsaerc0n3TsbOINvRP2byTZ5LKezow==}
    engines: {node: '>=12'}
    cpu: [x64]
    os: [openbsd]
    requiresBuild: true
    optional: true

  /@esbuild/sunos-x64@0.21.5:
    resolution: {integrity: sha512-6+gjmFpfy0BHU5Tpptkuh8+uw3mnrvgs+dSPQXQOv3ekbordwnzTVEb4qnIvQcYXq6gzkyTnoZ9dZG+D4garKg==}
    engines: {node: '>=12'}
    cpu: [x64]
    os: [sunos]
    requiresBuild: true
    optional: true

  /@esbuild/win32-arm64@0.21.5:
    resolution: {integrity: sha512-Z0gOTd75VvXqyq7nsl93zwahcTROgqvuAcYDUr+vOv8uHhNSKROyU961kgtCD1e95IqPKSQKH7tBTslnS3tA8A==}
    engines: {node: '>=12'}
    cpu: [arm64]
    os: [win32]
    requiresBuild: true
    optional: true

  /@esbuild/win32-ia32@0.21.5:
    resolution: {integrity: sha512-SWXFF1CL2RVNMaVs+BBClwtfZSvDgtL//G/smwAc5oVK/UPu2Gu9tIaRgFmYFFKrmg3SyAjSrElf0TiJ1v8fYA==}
    engines: {node: '>=12'}
    cpu: [ia32]
    os: [win32]
    requiresBuild: true
    optional: true

  /@esbuild/win32-x64@0.21.5:
    resolution: {integrity: sha512-tQd/1efJuzPC6rCFwEvLtci/xNFcTZknmXs98FYDfGE4wP9ClFV98nyKrzJKVPMhdDnjzLhdUyMX4PsQAPjwIw==}
    engines: {node: '>=12'}
    cpu: [x64]
    os: [win32]
    requiresBuild: true
    optional: true

  /@rollup/rollup-android-arm-eabi@4.18.1:
    resolution: {integrity: sha512-lncuC4aHicncmbORnx+dUaAgzee9cm/PbIqgWz1PpXuwc+sa1Ct83tnqUDy/GFKleLiN7ZIeytM6KJ4cAn1SxA==}
    cpu: [arm]
    os: [android]
    requiresBuild: true
    optional: true

  /@rollup/rollup-android-arm64@4.18.1:
    resolution: {integrity: sha512-F/tkdw0WSs4ojqz5Ovrw5r9odqzFjb5LIgHdHZG65dFI1lWTWRVy32KDJLKRISHgJvqUeUhdIvy43fX41znyDg==}
    cpu: [arm64]
    os: [android]
    requiresBuild: true
    optional: true

  /@rollup/rollup-darwin-arm64@4.18.1:
    resolution: {integrity: sha512-vk+ma8iC1ebje/ahpxpnrfVQJibTMyHdWpOGZ3JpQ7Mgn/3QNHmPq7YwjZbIE7km73dH5M1e6MRRsnEBW7v5CQ==}
    cpu: [arm64]
    os: [darwin]
    requiresBuild: true
    optional: true

  /@rollup/rollup-darwin-x64@4.18.1:
    resolution: {integrity: sha512-IgpzXKauRe1Tafcej9STjSSuG0Ghu/xGYH+qG6JwsAUxXrnkvNHcq/NL6nz1+jzvWAnQkuAJ4uIwGB48K9OCGA==}
    cpu: [x64]
    os: [darwin]
    requiresBuild: true
    optional: true

  /@rollup/rollup-linux-arm-gnueabihf@4.18.1:
    resolution: {integrity: sha512-P9bSiAUnSSM7EmyRK+e5wgpqai86QOSv8BwvkGjLwYuOpaeomiZWifEos517CwbG+aZl1T4clSE1YqqH2JRs+g==}
    cpu: [arm]
    os: [linux]
    requiresBuild: true
    optional: true

  /@rollup/rollup-linux-arm-musleabihf@4.18.1:
    resolution: {integrity: sha512-5RnjpACoxtS+aWOI1dURKno11d7krfpGDEn19jI8BuWmSBbUC4ytIADfROM1FZrFhQPSoP+KEa3NlEScznBTyQ==}
    cpu: [arm]
    os: [linux]
    requiresBuild: true
    optional: true

  /@rollup/rollup-linux-arm64-gnu@4.18.1:
    resolution: {integrity: sha512-8mwmGD668m8WaGbthrEYZ9CBmPug2QPGWxhJxh/vCgBjro5o96gL04WLlg5BA233OCWLqERy4YUzX3bJGXaJgQ==}
    cpu: [arm64]
    os: [linux]
    requiresBuild: true
    optional: true

  /@rollup/rollup-linux-arm64-musl@4.18.1:
    resolution: {integrity: sha512-dJX9u4r4bqInMGOAQoGYdwDP8lQiisWb9et+T84l2WXk41yEej8v2iGKodmdKimT8cTAYt0jFb+UEBxnPkbXEQ==}
    cpu: [arm64]
    os: [linux]
    requiresBuild: true
    optional: true

  /@rollup/rollup-linux-powerpc64le-gnu@4.18.1:
    resolution: {integrity: sha512-V72cXdTl4EI0x6FNmho4D502sy7ed+LuVW6Ym8aI6DRQ9hQZdp5sj0a2usYOlqvFBNKQnLQGwmYnujo2HvjCxQ==}
    cpu: [ppc64]
    os: [linux]
    requiresBuild: true
    optional: true

  /@rollup/rollup-linux-riscv64-gnu@4.18.1:
    resolution: {integrity: sha512-f+pJih7sxoKmbjghrM2RkWo2WHUW8UbfxIQiWo5yeCaCM0TveMEuAzKJte4QskBp1TIinpnRcxkquY+4WuY/tg==}
    cpu: [riscv64]
    os: [linux]
    requiresBuild: true
    optional: true

  /@rollup/rollup-linux-s390x-gnu@4.18.1:
    resolution: {integrity: sha512-qb1hMMT3Fr/Qz1OKovCuUM11MUNLUuHeBC2DPPAWUYYUAOFWaxInaTwTQmc7Fl5La7DShTEpmYwgdt2hG+4TEg==}
    cpu: [s390x]
    os: [linux]
    requiresBuild: true
    optional: true

  /@rollup/rollup-linux-x64-gnu@4.18.1:
    resolution: {integrity: sha512-7O5u/p6oKUFYjRbZkL2FLbwsyoJAjyeXHCU3O4ndvzg2OFO2GinFPSJFGbiwFDaCFc+k7gs9CF243PwdPQFh5g==}
    cpu: [x64]
    os: [linux]
    requiresBuild: true
    optional: true

  /@rollup/rollup-linux-x64-musl@4.18.1:
    resolution: {integrity: sha512-pDLkYITdYrH/9Cv/Vlj8HppDuLMDUBmgsM0+N+xLtFd18aXgM9Nyqupb/Uw+HeidhfYg2lD6CXvz6CjoVOaKjQ==}
    cpu: [x64]
    os: [linux]
    requiresBuild: true
    optional: true

  /@rollup/rollup-win32-arm64-msvc@4.18.1:
    resolution: {integrity: sha512-W2ZNI323O/8pJdBGil1oCauuCzmVd9lDmWBBqxYZcOqWD6aWqJtVBQ1dFrF4dYpZPks6F+xCZHfzG5hYlSHZ6g==}
    cpu: [arm64]
    os: [win32]
    requiresBuild: true
    optional: true

  /@rollup/rollup-win32-ia32-msvc@4.18.1:
    resolution: {integrity: sha512-ELfEX1/+eGZYMaCIbK4jqLxO1gyTSOIlZr6pbC4SRYFaSIDVKOnZNMdoZ+ON0mrFDp4+H5MhwNC1H/AhE3zQLg==}
    cpu: [ia32]
    os: [win32]
    requiresBuild: true
    optional: true

  /@rollup/rollup-win32-x64-msvc@4.18.1:
    resolution: {integrity: sha512-yjk2MAkQmoaPYCSu35RLJ62+dz358nE83VfTePJRp8CG7aMg25mEJYpXFiD+NcevhX8LxD5OP5tktPXnXN7GDw==}
    cpu: [x64]
    os: [win32]
    requiresBuild: true
    optional: true

  /@tailwindcss/oxide-android-arm64@4.0.0-alpha.17:
    resolution: {integrity: sha512-IBOd4/iQW8tq8YJJgoEECy+wVPnJcAx/kwS45uKTbq5GVK9l8siBEnTiJ7VPnuoo2vQfLlJjshA7ar8nMX589w==}
    engines: {node: '>= 10'}
    cpu: [arm64]
    os: [android]
    requiresBuild: true
    dev: false
    optional: true

  /@tailwindcss/oxide-darwin-arm64@4.0.0-alpha.17:
    resolution: {integrity: sha512-JiV0oe6QmeL/6dDQkk12H+sa/BmH4p7KbaW2/PPOTfFVZjIbM9Qj3drsFwWRuwPTI9mSpJQFxWtdbMYarLVK1w==}
    engines: {node: '>= 10'}
    cpu: [arm64]
    os: [darwin]
    requiresBuild: true
    dev: false
    optional: true

  /@tailwindcss/oxide-darwin-x64@4.0.0-alpha.17:
    resolution: {integrity: sha512-39zvOSxFfiVcQQp1/4dD5kMH6bwKagRO2PLLmlH6EAM7LuIyVsKJwFK5Z+ZYTLoG3hUGUxvCPOjgbqMYvRLJ3w==}
    engines: {node: '>= 10'}
    cpu: [x64]
    os: [darwin]
    requiresBuild: true
    dev: false
    optional: true

  /@tailwindcss/oxide-freebsd-x64@4.0.0-alpha.17:
    resolution: {integrity: sha512-KplmR3Md+B5W0ocH4N3ArLowABlKHKqV6mImURrGriqDhwfVeJyarugx+Uo811D2qSYTqLkQXW7u0esIxBM69w==}
    engines: {node: '>= 10'}
    cpu: [x64]
    os: [freebsd]
    requiresBuild: true
    dev: false
    optional: true

  /@tailwindcss/oxide-linux-arm-gnueabihf@4.0.0-alpha.17:
    resolution: {integrity: sha512-2GZ91U2fkqY9ohaPiQr1UJt0yAaZq7/5tFXvtRUY72PDYfz1PlnvxyDlQ16roepxi+Si52svLmzm7E9g4kVz/g==}
    engines: {node: '>= 10'}
    cpu: [arm]
    os: [linux]
    requiresBuild: true
    dev: false
    optional: true

  /@tailwindcss/oxide-linux-arm64-gnu@4.0.0-alpha.17:
    resolution: {integrity: sha512-11do1KeInnJo7vVJgI2bTJ3YHQ6jirbJB4KcfHS1sn9ArKUFJrgk+32QQGj+Gv39krgzSReNb84Xr+Oi6iCcyA==}
    engines: {node: '>= 10'}
    cpu: [arm64]
    os: [linux]
    requiresBuild: true
    dev: false
    optional: true

  /@tailwindcss/oxide-linux-arm64-musl@4.0.0-alpha.17:
    resolution: {integrity: sha512-qB0XX8iGafq7IJa7yDPVaDLQC2QhjtMgXgKggpgxjtLaSQDVJ53hHmmjglgLSghlHpZ0+mNfQDT8EOzRdhvj7Q==}
    engines: {node: '>= 10'}
    cpu: [arm64]
    os: [linux]
    requiresBuild: true
    dev: false
    optional: true

  /@tailwindcss/oxide-linux-x64-gnu@4.0.0-alpha.17:
    resolution: {integrity: sha512-iTsqmqxdcrLf77SagBIygip656YLEtl2wO5VMoeK3omYviM/ipNH2Vu5HZ6fB/qotX9gVzyz4iQovFAWvp6Azg==}
    engines: {node: '>= 10'}
    cpu: [x64]
    os: [linux]
    requiresBuild: true
    dev: false
    optional: true

  /@tailwindcss/oxide-linux-x64-musl@4.0.0-alpha.17:
    resolution: {integrity: sha512-2bHxD8yXy36dpIFUbDW7LRDKYpZXRcOC0PTVukobmkp+F0p8rEnTcI36DPLGEA8W3+FDIKbGQM4aMb1r/BbGZg==}
    engines: {node: '>= 10'}
    cpu: [x64]
    os: [linux]
    requiresBuild: true
    dev: false
    optional: true

  /@tailwindcss/oxide-win32-x64-msvc@4.0.0-alpha.17:
    resolution: {integrity: sha512-qNFwdHYQoJDfObko0WyutVrFPoaZB5pVkJ6FlR7M/0ylLvx/BR7kfyWZYmivi3DGXZmm4eMFLLYZjBjLHWbvUg==}
    engines: {node: '>= 10'}
    cpu: [x64]
    os: [win32]
    requiresBuild: true
    dev: false
    optional: true

  /@tailwindcss/oxide@4.0.0-alpha.17:
    resolution: {integrity: sha512-5FciVkCRpYRsVRyu8+ldiiOxGgXDJQLMzd5fjPCt7JZWhSZjS/QkXQdBc41Bcice3sgxTtKpKA4ef3sEcOfG/A==}
    engines: {node: '>= 10'}
    optionalDependencies:
      '@tailwindcss/oxide-android-arm64': 4.0.0-alpha.17
      '@tailwindcss/oxide-darwin-arm64': 4.0.0-alpha.17
      '@tailwindcss/oxide-darwin-x64': 4.0.0-alpha.17
      '@tailwindcss/oxide-freebsd-x64': 4.0.0-alpha.17
      '@tailwindcss/oxide-linux-arm-gnueabihf': 4.0.0-alpha.17
      '@tailwindcss/oxide-linux-arm64-gnu': 4.0.0-alpha.17
      '@tailwindcss/oxide-linux-arm64-musl': 4.0.0-alpha.17
      '@tailwindcss/oxide-linux-x64-gnu': 4.0.0-alpha.17
      '@tailwindcss/oxide-linux-x64-musl': 4.0.0-alpha.17
      '@tailwindcss/oxide-win32-x64-msvc': 4.0.0-alpha.17
    dev: false

  /@tailwindcss/vite@4.0.0-alpha.17(vite@5.3.3):
    resolution: {integrity: sha512-Lixgt4GDFF652OwPQFG1vTSlp9kWDquKzezqXTmA1q+6Ojys4UxJVGsxPUMwGaT5Znd/gZCJrsJW24UFX6uQJg==}
    peerDependencies:
      vite: ^5.2.0
    dependencies:
      '@tailwindcss/oxide': 4.0.0-alpha.17
      lightningcss: 1.25.1
      tailwindcss: 4.0.0-alpha.17
      vite: 5.3.3
    dev: false

  /@types/estree@1.0.5:
    resolution: {integrity: sha512-/kYRxGDLWzHOB7q+wtSUQlFrtcdUccpfy+X+9iMBpHK8QLLhx2wIPYuS5DYtR9Wa/YlZAbIovy7qVdB1Aq6Lyw==}

  /argparse@1.0.10:
    resolution: {integrity: sha512-o5Roy6tNG4SL/FOkCAN6RzjiakZS25RLYFrcMttJqbdd8BWrnA+fGz57iN5Pb06pvBGvl5gQ0B48dJlslXvoTg==}
    dependencies:
      sprintf-js: 1.0.3
    dev: false

  /detect-libc@1.0.3:
    resolution: {integrity: sha512-pGjwhsmsp4kL2RTz08wcOlGN83otlqHeD/Z5T8GXZB+/YcpQ/dgo+lbU8ZsGxV0HIvqqxo9l7mqYwyYMD9bKDg==}
    engines: {node: '>=0.10'}
    hasBin: true
    dev: false

  /esbuild@0.21.5:
    resolution: {integrity: sha512-mg3OPMV4hXywwpoDxu3Qda5xCKQi+vCTZq8S9J/EpkhB2HzKXq4SNFZE3+NK93JYxc8VMSep+lOUSC/RVKaBqw==}
    engines: {node: '>=12'}
    hasBin: true
    requiresBuild: true
    optionalDependencies:
      '@esbuild/aix-ppc64': 0.21.5
      '@esbuild/android-arm': 0.21.5
      '@esbuild/android-arm64': 0.21.5
      '@esbuild/android-x64': 0.21.5
      '@esbuild/darwin-arm64': 0.21.5
      '@esbuild/darwin-x64': 0.21.5
      '@esbuild/freebsd-arm64': 0.21.5
      '@esbuild/freebsd-x64': 0.21.5
      '@esbuild/linux-arm': 0.21.5
      '@esbuild/linux-arm64': 0.21.5
      '@esbuild/linux-ia32': 0.21.5
      '@esbuild/linux-loong64': 0.21.5
      '@esbuild/linux-mips64el': 0.21.5
      '@esbuild/linux-ppc64': 0.21.5
      '@esbuild/linux-riscv64': 0.21.5
      '@esbuild/linux-s390x': 0.21.5
      '@esbuild/linux-x64': 0.21.5
      '@esbuild/netbsd-x64': 0.21.5
      '@esbuild/openbsd-x64': 0.21.5
      '@esbuild/sunos-x64': 0.21.5
      '@esbuild/win32-arm64': 0.21.5
      '@esbuild/win32-ia32': 0.21.5
      '@esbuild/win32-x64': 0.21.5

  /esprima@4.0.1:
    resolution: {integrity: sha512-eGuFFw7Upda+g4p+QHvnW0RyTX/SVeJBDM/gCtMARO0cLuT2HcEKnTPvhjV6aGeqrCB/sbNop0Kszm0jsaWU4A==}
    engines: {node: '>=4'}
    hasBin: true
    dev: false

  /extend-shallow@2.0.1:
    resolution: {integrity: sha512-zCnTtlxNoAiDc3gqY2aYAWFx7XWWiasuF2K8Me5WbN8otHKTUKBwjPtNpRs/rbUZm7KxWAaNj7P1a/p52GbVug==}
    engines: {node: '>=0.10.0'}
    dependencies:
      is-extendable: 0.1.1
    dev: false

  /fsevents@2.3.3:
    resolution: {integrity: sha512-5xoDfX+fL7faATnagmWPpbFtwh/R77WmMMqqHGS65C3vvB0YHrgF+B1YmZ3441tMj5n63k0212XNoJwzlhffQw==}
    engines: {node: ^8.16.0 || ^10.6.0 || >=11.0.0}
    os: [darwin]
    requiresBuild: true
    optional: true

  /gray-matter@4.0.3:
    resolution: {integrity: sha512-5v6yZd4JK3eMI3FqqCouswVqwugaA9r4dNZB1wwcmrD02QkV5H0y7XBQW8QwQqEaZY1pM9aqORSORhJRdNK44Q==}
    engines: {node: '>=6.0'}
    dependencies:
      js-yaml: 3.14.1
      kind-of: 6.0.3
      section-matter: 1.0.0
      strip-bom-string: 1.0.0
    dev: false

  /is-extendable@0.1.1:
    resolution: {integrity: sha512-5BMULNob1vgFX6EjQw5izWDxrecWK9AM72rugNr0TFldMOi0fj6Jk+zeKIt0xGj4cEfQIJth4w3OKWOJ4f+AFw==}
    engines: {node: '>=0.10.0'}
    dev: false

  /itty-router@5.0.17:
    resolution: {integrity: sha512-ZHnPI0OOyTTLuNp2FdciejYaK4Wl3ZV3O0yEm8njOGggh/k/ek3BL7X2I5YsCOfc5vLhIJgj3Z4pUtLs6k9Ucg==}
    dev: false

  /js-yaml@3.14.1:
    resolution: {integrity: sha512-okMH7OXXJ7YrN9Ok3/SXrnu4iX9yOk+25nqX4imS2npuvTYDmo/QEZoqwZkYaIDk3jVvBOTOIEgEhaLOynBS9g==}
    hasBin: true
    dependencies:
      argparse: 1.0.10
      esprima: 4.0.1
    dev: false

  /kind-of@6.0.3:
    resolution: {integrity: sha512-dcS1ul+9tmeD95T+x28/ehLgd9mENa3LsvDTtzm3vyBEO7RPptvAD+t44WVXaUjTBRcrpFeFlC8WCruUR456hw==}
    engines: {node: '>=0.10.0'}
    dev: false

  /lightningcss-darwin-arm64@1.25.1:
    resolution: {integrity: sha512-G4Dcvv85bs5NLENcu/s1f7ehzE3D5ThnlWSDwE190tWXRQCQaqwcuHe+MGSVI/slm0XrxnaayXY+cNl3cSricw==}
    engines: {node: '>= 12.0.0'}
    cpu: [arm64]
    os: [darwin]
    requiresBuild: true
    dev: false
    optional: true

  /lightningcss-darwin-x64@1.25.1:
    resolution: {integrity: sha512-dYWuCzzfqRueDSmto6YU5SoGHvZTMU1Em9xvhcdROpmtOQLorurUZz8+xFxZ51lCO2LnYbfdjZ/gCqWEkwixNg==}
    engines: {node: '>= 12.0.0'}
    cpu: [x64]
    os: [darwin]
    requiresBuild: true
    dev: false
    optional: true

  /lightningcss-freebsd-x64@1.25.1:
    resolution: {integrity: sha512-hXoy2s9A3KVNAIoKz+Fp6bNeY+h9c3tkcx1J3+pS48CqAt+5bI/R/YY4hxGL57fWAIquRjGKW50arltD6iRt/w==}
    engines: {node: '>= 12.0.0'}
    cpu: [x64]
    os: [freebsd]
    requiresBuild: true
    dev: false
    optional: true

  /lightningcss-linux-arm-gnueabihf@1.25.1:
    resolution: {integrity: sha512-tWyMgHFlHlp1e5iW3EpqvH5MvsgoN7ZkylBbG2R2LWxnvH3FuWCJOhtGcYx9Ks0Kv0eZOBud789odkYLhyf1ng==}
    engines: {node: '>= 12.0.0'}
    cpu: [arm]
    os: [linux]
    requiresBuild: true
    dev: false
    optional: true

  /lightningcss-linux-arm64-gnu@1.25.1:
    resolution: {integrity: sha512-Xjxsx286OT9/XSnVLIsFEDyDipqe4BcLeB4pXQ/FEA5+2uWCCuAEarUNQumRucnj7k6ftkAHUEph5r821KBccQ==}
    engines: {node: '>= 12.0.0'}
    cpu: [arm64]
    os: [linux]
    requiresBuild: true
    dev: false
    optional: true

  /lightningcss-linux-arm64-musl@1.25.1:
    resolution: {integrity: sha512-IhxVFJoTW8wq6yLvxdPvyHv4NjzcpN1B7gjxrY3uaykQNXPHNIpChLB52+wfH+yS58zm1PL4LemUp8u9Cfp6Bw==}
    engines: {node: '>= 12.0.0'}
    cpu: [arm64]
    os: [linux]
    requiresBuild: true
    dev: false
    optional: true

  /lightningcss-linux-x64-gnu@1.25.1:
    resolution: {integrity: sha512-RXIaru79KrREPEd6WLXfKfIp4QzoppZvD3x7vuTKkDA64PwTzKJ2jaC43RZHRt8BmyIkRRlmywNhTRMbmkPYpA==}
    engines: {node: '>= 12.0.0'}
    cpu: [x64]
    os: [linux]
    requiresBuild: true
    dev: false
    optional: true

  /lightningcss-linux-x64-musl@1.25.1:
    resolution: {integrity: sha512-TdcNqFsAENEEFr8fJWg0Y4fZ/nwuqTRsIr7W7t2wmDUlA8eSXVepeeONYcb+gtTj1RaXn/WgNLB45SFkz+XBZA==}
    engines: {node: '>= 12.0.0'}
    cpu: [x64]
    os: [linux]
    requiresBuild: true
    dev: false
    optional: true

  /lightningcss-win32-x64-msvc@1.25.1:
    resolution: {integrity: sha512-9KZZkmmy9oGDSrnyHuxP6iMhbsgChUiu/NSgOx+U1I/wTngBStDf2i2aGRCHvFqj19HqqBEI4WuGVQBa2V6e0A==}
    engines: {node: '>= 12.0.0'}
    cpu: [x64]
    os: [win32]
    requiresBuild: true
    dev: false
    optional: true

  /lightningcss@1.25.1:
    resolution: {integrity: sha512-V0RMVZzK1+rCHpymRv4URK2lNhIRyO8g7U7zOFwVAhJuat74HtkjIQpQRKNCwFEYkRGpafOpmXXLoaoBcyVtBg==}
    engines: {node: '>= 12.0.0'}
    dependencies:
      detect-libc: 1.0.3
    optionalDependencies:
      lightningcss-darwin-arm64: 1.25.1
      lightningcss-darwin-x64: 1.25.1
      lightningcss-freebsd-x64: 1.25.1
      lightningcss-linux-arm-gnueabihf: 1.25.1
      lightningcss-linux-arm64-gnu: 1.25.1
      lightningcss-linux-arm64-musl: 1.25.1
      lightningcss-linux-x64-gnu: 1.25.1
      lightningcss-linux-x64-musl: 1.25.1
      lightningcss-win32-x64-msvc: 1.25.1
    dev: false

  /marked@13.0.2:
    resolution: {integrity: sha512-J6CPjP8pS5sgrRqxVRvkCIkZ6MFdRIjDkwUwgJ9nL2fbmM6qGQeB2C16hi8Cc9BOzj6xXzy0jyi0iPIfnMHYzA==}
    engines: {node: '>= 18'}
    hasBin: true
    dev: false

  /nanoid@3.3.7:
    resolution: {integrity: sha512-eSRppjcPIatRIMC1U6UngP8XFcz8MQWGQdt1MTBQ7NaAmvXDfvNxbvWV3x2y6CdEUciCSsDHDQZbhYaB8QEo2g==}
    engines: {node: ^10 || ^12 || ^13.7 || ^14 || >=15.0.1}
    hasBin: true

  /ogl@1.0.7:
    resolution: {integrity: sha512-u6WBAdYcGntZvGWNz5A+Xol8kH0vYu8Ubqkw/JBDx4SUCe4Prwjarxe+BrGWypFh+BMiVJzUXgWZcv+dr1Od2Q==}
    dev: false

  /picocolors@1.0.1:
    resolution: {integrity: sha512-anP1Z8qwhkbmu7MFP5iTt+wQKXgwzf7zTyGlcdzabySa9vd0Xt392U0rVmz9poOaBj0uHJKyyo9/upk0HrEQew==}

  /postcss@8.4.39:
    resolution: {integrity: sha512-0vzE+lAiG7hZl1/9I8yzKLx3aR9Xbof3fBHKunvMfOCYAtMhrsnccJY2iTURb9EZd5+pLuiNV9/c/GZJOHsgIw==}
    engines: {node: ^10 || ^12 || >=14}
    dependencies:
      nanoid: 3.3.7
      picocolors: 1.0.1
      source-map-js: 1.2.0

  /rollup@4.18.1:
    resolution: {integrity: sha512-Elx2UT8lzxxOXMpy5HWQGZqkrQOtrVDDa/bm9l10+U4rQnVzbL/LgZ4NOM1MPIDyHk69W4InuYDF5dzRh4Kw1A==}
    engines: {node: '>=18.0.0', npm: '>=8.0.0'}
    hasBin: true
    dependencies:
      '@types/estree': 1.0.5
    optionalDependencies:
      '@rollup/rollup-android-arm-eabi': 4.18.1
      '@rollup/rollup-android-arm64': 4.18.1
      '@rollup/rollup-darwin-arm64': 4.18.1
      '@rollup/rollup-darwin-x64': 4.18.1
      '@rollup/rollup-linux-arm-gnueabihf': 4.18.1
      '@rollup/rollup-linux-arm-musleabihf': 4.18.1
      '@rollup/rollup-linux-arm64-gnu': 4.18.1
      '@rollup/rollup-linux-arm64-musl': 4.18.1
      '@rollup/rollup-linux-powerpc64le-gnu': 4.18.1
      '@rollup/rollup-linux-riscv64-gnu': 4.18.1
      '@rollup/rollup-linux-s390x-gnu': 4.18.1
      '@rollup/rollup-linux-x64-gnu': 4.18.1
      '@rollup/rollup-linux-x64-musl': 4.18.1
      '@rollup/rollup-win32-arm64-msvc': 4.18.1
      '@rollup/rollup-win32-ia32-msvc': 4.18.1
      '@rollup/rollup-win32-x64-msvc': 4.18.1
      fsevents: 2.3.3

  /section-matter@1.0.0:
    resolution: {integrity: sha512-vfD3pmTzGpufjScBh50YHKzEu2lxBWhVEHsNGoEXmCmn2hKGfeNLYMzCJpe8cD7gqX7TJluOVpBkAequ6dgMmA==}
    engines: {node: '>=4'}
    dependencies:
      extend-shallow: 2.0.1
      kind-of: 6.0.3
    dev: false

  /source-map-js@1.2.0:
    resolution: {integrity: sha512-itJW8lvSA0TXEphiRoawsCksnlf8SyvmFzIhltqAHluXd88pkCd+cXJVHTDwdCr0IzwptSm035IHQktUu1QUMg==}
    engines: {node: '>=0.10.0'}

  /sprintf-js@1.0.3:
    resolution: {integrity: sha512-D9cPgkvLlV3t3IzL0D0YLvGA9Ahk4PcvVwUbN0dSGr1aP0Nrt4AEnTUbuGvquEC0mA64Gqt1fzirlRs5ibXx8g==}
    dev: false

  /strip-bom-string@1.0.0:
    resolution: {integrity: sha512-uCC2VHvQRYu+lMh4My/sFNmF2klFymLX1wHJeXnbEJERpV/ZsVuonzerjfrGpIGF7LBVa1O7i9kjiWvJiFck8g==}
    engines: {node: '>=0.10.0'}
    dev: false

  /tailwindcss@4.0.0-alpha.17:
    resolution: {integrity: sha512-wWr6kvH40Hp1LQVcD738ojwU6+muJnpIUZw3J2EqjOdqHpg3iUIkrrQszP5HP4nwi4qBsoCoHPWVJ3Qw4f1IZw==}
    dev: false

  /typescript@5.5.3:
    resolution: {integrity: sha512-/hreyEujaB0w76zKo6717l3L0o/qEUtRgdvUBvlkhoWeOVMjMuHNHk0BRBzikzuGDqNmPQbg5ifMEqsHLiIUcQ==}
    engines: {node: '>=14.17'}
    hasBin: true
    dev: true

  /valibot@0.36.0:
    resolution: {integrity: sha512-CjF1XN4sUce8sBK9TixrDqFM7RwNkuXdJu174/AwmQUB62QbCQADg5lLe8ldBalFgtj1uKj+pKwDJiNo4Mn+eQ==}
    dev: false

  /vite@5.3.3:
    resolution: {integrity: sha512-NPQdeCU0Dv2z5fu+ULotpuq5yfCS1BzKUIPhNbP3YBfAMGJXbt2nS+sbTFu+qchaqWTD+H3JK++nRwr6XIcp6A==}
    engines: {node: ^18.0.0 || >=20.0.0}
    hasBin: true
    peerDependencies:
      '@types/node': ^18.0.0 || >=20.0.0
      less: '*'
      lightningcss: ^1.21.0
      sass: '*'
      stylus: '*'
      sugarss: '*'
      terser: ^5.4.0
    peerDependenciesMeta:
      '@types/node':
        optional: true
      less:
        optional: true
      lightningcss:
        optional: true
      sass:
        optional: true
      stylus:
        optional: true
      sugarss:
        optional: true
      terser:
        optional: true
    dependencies:
      esbuild: 0.21.5
      postcss: 8.4.39
      rollup: 4.18.1
    optionalDependencies:
      fsevents: 2.3.3

  /vonojs@0.0.24(vite@5.3.3):
    resolution: {integrity: sha512-8Hm5y4tslai0jJD2Nt50wMdoYPWCqj00NpTY2CxF1odHw0OF1sJzX5XNIia2Eg1gq0BuQy+56Tb3fZcQzmwemQ==}
    peerDependencies:
      vite: ^5.3.0
    dependencies:
      vite: 5.3.3
    dev: false
